
Microsoft Visual Studio Solution File, Format Version 12.00
# Visual Studio 14
VisualStudioVersion = 14.0.25123.0
MinimumVisualStudioVersion = 10.0.40219.1
Project("{FE97161B-3D0C-4F4D-8A22-3EF30F7F9562}") = "Sitecore.Support.227832", "Sitecore.Support.227832\Sitecore.Support.227832.csproj", "{38451DCA-9065-4436-9717-11BC6A61FF8E}"
EndProject
Global
	GlobalSection(SolutionConfigurationPlatforms) = preSolution
		Debug|Any CPU = Debug|Any CPU
		Release|Any CPU = Release|Any CPU
	EndGlobalSection
	GlobalSection(ProjectConfigurationPlatforms) = postSolution
		{38451DCA-9065-4436-9717-11BC6A61FF8E}.Debug|Any CPU.ActiveCfg = Debug|Any CPU
		{38451DCA-9065-4436-9717-11BC6A61FF8E}.Debug|Any CPU.Build.0 = Debug|Any CPU
		{38451DCA-9065-4436-9717-11BC6A61FF8E}.Release|Any CPU.ActiveCfg = Release|Any CPU
		{38451DCA-9065-4436-9717-11BC6A61FF8E}.Release|Any CPU.Build.0 = Release|Any CPU
	EndGlobalSection
	GlobalSection(SolutionProperties) = preSolution
		HideSolutionNode = FALSE
	EndGlobalSection
EndGlobal
